
Microsoft Visual Studio Solution File, Format Version 12.00
# Visual Studio Version 16
VisualStudioVersion = 16.0.34031.81
MinimumVisualStudioVersion = 10.0.40219.1
Project("{F184B08F-C81C-45F6-A57F-5ABD9991F28F}") = "K-WAYD (Client)", "K-WAYD (Client).vbproj", "{BB7F55C3-8001-431E-9FBE-9892803BFFB1}"
EndProject
Global
	GlobalSection(SolutionConfigurationPlatforms) = preSolution
		Debug|Any CPU = Debug|Any CPU
		Release|Any CPU = Release|Any CPU
	EndGlobalSection
	GlobalSection(ProjectConfigurationPlatforms) = postSolution
		{BB7F55C3-8001-431E-9FBE-9892803BFFB1}.Debug|Any CPU.ActiveCfg = Debug|Any CPU
		{BB7F55C3-8001-431E-9FBE-9892803BFFB1}.Debug|Any CPU.Build.0 = Debug|Any CPU
		{BB7F55C3-8001-431E-9FBE-9892803BFFB1}.Release|Any CPU.ActiveCfg = Release|Any CPU
		{BB7F55C3-8001-431E-9FBE-9892803BFFB1}.Release|Any CPU.Build.0 = Release|Any CPU
	EndGlobalSection
	GlobalSection(SolutionProperties) = preSolution
		HideSolutionNode = FALSE
	EndGlobalSection
	GlobalSection(ExtensibilityGlobals) = postSolution
		SolutionGuid = {24481BF6-69F1-459B-94CF-BCB325045A7C}
	EndGlobalSection
EndGlobal
